
Microsoft Visual Studio Solution File, Format Version 12.00
# Visual Studio Version 17
VisualStudioVersion = 17.3.32922.545
MinimumVisualStudioVersion = 10.0.40219.1
Project("{FAE04EC0-301F-11D3-BF4B-00C04F79EFBC}") = "classwork", "classwork\classwork.csproj", "{A6933854-FF9A-4F8B-AA18-4DFF0DFF2D2D}"
EndProject
Global
	GlobalSection(SolutionConfigurationPlatforms) = preSolution
		Debug|Any CPU = Debug|Any CPU
		Release|Any CPU = Release|Any CPU
	EndGlobalSection
	GlobalSection(ProjectConfigurationPlatforms) = postSolution
		{A6933854-FF9A-4F8B-AA18-4DFF0DFF2D2D}.Debug|Any CPU.ActiveCfg = Debug|Any CPU
		{A6933854-FF9A-4F8B-AA18-4DFF0DFF2D2D}.Debug|Any CPU.Build.0 = Debug|Any CPU
		{A6933854-FF9A-4F8B-AA18-4DFF0DFF2D2D}.Release|Any CPU.ActiveCfg = Release|Any CPU
		{A6933854-FF9A-4F8B-AA18-4DFF0DFF2D2D}.Release|Any CPU.Build.0 = Release|Any CPU
	EndGlobalSection
	GlobalSection(SolutionProperties) = preSolution
		HideSolutionNode = FALSE
	EndGlobalSection
	GlobalSection(ExtensibilityGlobals) = postSolution
		SolutionGuid = {64AE59A2-40A4-4EAF-9F9F-34A14EADBD8F}
	EndGlobalSection
EndGlobal
